
Microsoft Visual Studio Solution File, Format Version 10.00
# Visual Studio 2008
Project("{FAE04EC0-301F-11D3-BF4B-00C04F79EFBC}") = "Web.Generics", "Web.Generics\Web.Generics.csproj", "{D0E43897-9D2D-42CD-937D-7DAA55441EF4}"
EndProject
Project("{FAE04EC0-301F-11D3-BF4B-00C04F79EFBC}") = "Web.Generics.SampleDomain", "Web.Generics.SampleDomain\Web.Generics.SampleDomain.csproj", "{627CA4A4-77E9-4D89-8C43-BF80696752D7}"
EndProject
Project("{FAE04EC0-301F-11D3-BF4B-00C04F79EFBC}") = "Web.Generics.Tests", "Web.Generics.Tests\Web.Generics.Tests.csproj", "{BAB0F562-8E33-4355-BC97-FE5F0A092F68}"
EndProject
Global
	GlobalSection(SolutionConfigurationPlatforms) = preSolution
		Debug|Any CPU = Debug|Any CPU
		Release|Any CPU = Release|Any CPU
	EndGlobalSection
	GlobalSection(ProjectConfigurationPlatforms) = postSolution
		{D0E43897-9D2D-42CD-937D-7DAA55441EF4}.Debug|Any CPU.ActiveCfg = Debug|Any CPU
		{D0E43897-9D2D-42CD-937D-7DAA55441EF4}.Debug|Any CPU.Build.0 = Debug|Any CPU
		{D0E43897-9D2D-42CD-937D-7DAA55441EF4}.Release|Any CPU.ActiveCfg = Release|Any CPU
		{D0E43897-9D2D-42CD-937D-7DAA55441EF4}.Release|Any CPU.Build.0 = Release|Any CPU
		{627CA4A4-77E9-4D89-8C43-BF80696752D7}.Debug|Any CPU.ActiveCfg = Debug|Any CPU
		{627CA4A4-77E9-4D89-8C43-BF80696752D7}.Debug|Any CPU.Build.0 = Debug|Any CPU
		{627CA4A4-77E9-4D89-8C43-BF80696752D7}.Release|Any CPU.ActiveCfg = Release|Any CPU
		{627CA4A4-77E9-4D89-8C43-BF80696752D7}.Release|Any CPU.Build.0 = Release|Any CPU
		{BAB0F562-8E33-4355-BC97-FE5F0A092F68}.Debug|Any CPU.ActiveCfg = Debug|Any CPU
		{BAB0F562-8E33-4355-BC97-FE5F0A092F68}.Debug|Any CPU.Build.0 = Debug|Any CPU
		{BAB0F562-8E33-4355-BC97-FE5F0A092F68}.Release|Any CPU.ActiveCfg = Release|Any CPU
		{BAB0F562-8E33-4355-BC97-FE5F0A092F68}.Release|Any CPU.Build.0 = Release|Any CPU
	EndGlobalSection
	GlobalSection(SolutionProperties) = preSolution
		HideSolutionNode = FALSE
	EndGlobalSection
EndGlobal
