
Microsoft Visual Studio Solution File, Format Version 11.00
# Visual Studio 2010
Project("{FAE04EC0-301F-11D3-BF4B-00C04F79EFBC}") = "Web.Generics", "Web.Generics\Web.Generics.csproj", "{D0E43897-9D2D-42CD-937D-7DAA55441EF4}"
EndProject
Project("{FAE04EC0-301F-11D3-BF4B-00C04F79EFBC}") = "Inspira.Blog.DomainModel", "Inspira.Blog.DomainModel\Inspira.Blog.DomainModel.csproj", "{627CA4A4-77E9-4D89-8C43-BF80696752D7}"
EndProject
Project("{FAE04EC0-301F-11D3-BF4B-00C04F79EFBC}") = "Web.Generics.Tests", "Web.Generics.Tests\Web.Generics.Tests.csproj", "{75E352B6-12DC-499B-B11C-285B8FF5E47E}"
EndProject
Project("{FAE04EC0-301F-11D3-BF4B-00C04F79EFBC}") = "Inspira.Blog.WebMvc", "Inspira.Blog.WebMvc\Inspira.Blog.WebMvc.csproj", "{5BF5E2DF-A015-47EF-A223-45ACB6251A8A}"
EndProject
Project("{FAE04EC0-301F-11D3-BF4B-00C04F79EFBC}") = "Inspira.Blog", "Inspira.Blog\Inspira.Blog.csproj", "{A882E9BB-3675-462F-9A82-C7F6B9787752}"
EndProject
Project("{FAE04EC0-301F-11D3-BF4B-00C04F79EFBC}") = "Web.Generics.Web", "Web.Generics.Web\Web.Generics.Web.csproj", "{083470E3-7BDA-4BE4-9DB2-8AD3E56C8647}"
EndProject
Project("{FAE04EC0-301F-11D3-BF4B-00C04F79EFBC}") = "Web.Generics.Web.Mvc", "Web.Generics.WebMvc\Web.Generics.Web.Mvc.csproj", "{F6200C98-8601-49C8-B471-6DECACCD297C}"
EndProject
Project("{FAE04EC0-301F-11D3-BF4B-00C04F79EFBC}") = "Inspira.Blog.Tests", "Inspira.Blog.Tests\Inspira.Blog.Tests.csproj", "{EC08898C-87A4-463B-813B-FB369A0C10E9}"
EndProject
Global
	GlobalSection(SolutionConfigurationPlatforms) = preSolution
		Debug|Any CPU = Debug|Any CPU
		Debug|x64 = Debug|x64
		Release|Any CPU = Release|Any CPU
		Release|x64 = Release|x64
	EndGlobalSection
	GlobalSection(ProjectConfigurationPlatforms) = postSolution
		{D0E43897-9D2D-42CD-937D-7DAA55441EF4}.Debug|Any CPU.ActiveCfg = Debug|Any CPU
		{D0E43897-9D2D-42CD-937D-7DAA55441EF4}.Debug|Any CPU.Build.0 = Debug|Any CPU
		{D0E43897-9D2D-42CD-937D-7DAA55441EF4}.Debug|x64.ActiveCfg = Debug|x64
		{D0E43897-9D2D-42CD-937D-7DAA55441EF4}.Debug|x64.Build.0 = Debug|x64
		{D0E43897-9D2D-42CD-937D-7DAA55441EF4}.Release|Any CPU.ActiveCfg = Release|Any CPU
		{D0E43897-9D2D-42CD-937D-7DAA55441EF4}.Release|Any CPU.Build.0 = Release|Any CPU
		{D0E43897-9D2D-42CD-937D-7DAA55441EF4}.Release|x64.ActiveCfg = Release|x64
		{D0E43897-9D2D-42CD-937D-7DAA55441EF4}.Release|x64.Build.0 = Release|x64
		{627CA4A4-77E9-4D89-8C43-BF80696752D7}.Debug|Any CPU.ActiveCfg = Debug|Any CPU
		{627CA4A4-77E9-4D89-8C43-BF80696752D7}.Debug|Any CPU.Build.0 = Debug|Any CPU
		{627CA4A4-77E9-4D89-8C43-BF80696752D7}.Debug|x64.ActiveCfg = Debug|x64
		{627CA4A4-77E9-4D89-8C43-BF80696752D7}.Debug|x64.Build.0 = Debug|x64
		{627CA4A4-77E9-4D89-8C43-BF80696752D7}.Release|Any CPU.ActiveCfg = Release|Any CPU
		{627CA4A4-77E9-4D89-8C43-BF80696752D7}.Release|Any CPU.Build.0 = Release|Any CPU
		{627CA4A4-77E9-4D89-8C43-BF80696752D7}.Release|x64.ActiveCfg = Release|x64
		{627CA4A4-77E9-4D89-8C43-BF80696752D7}.Release|x64.Build.0 = Release|x64
		{75E352B6-12DC-499B-B11C-285B8FF5E47E}.Debug|Any CPU.ActiveCfg = Debug|Any CPU
		{75E352B6-12DC-499B-B11C-285B8FF5E47E}.Debug|Any CPU.Build.0 = Debug|Any CPU
		{75E352B6-12DC-499B-B11C-285B8FF5E47E}.Debug|x64.ActiveCfg = Debug|x64
		{75E352B6-12DC-499B-B11C-285B8FF5E47E}.Debug|x64.Build.0 = Debug|x64
		{75E352B6-12DC-499B-B11C-285B8FF5E47E}.Release|Any CPU.ActiveCfg = Release|Any CPU
		{75E352B6-12DC-499B-B11C-285B8FF5E47E}.Release|Any CPU.Build.0 = Release|Any CPU
		{75E352B6-12DC-499B-B11C-285B8FF5E47E}.Release|x64.ActiveCfg = Release|x64
		{75E352B6-12DC-499B-B11C-285B8FF5E47E}.Release|x64.Build.0 = Release|x64
		{5BF5E2DF-A015-47EF-A223-45ACB6251A8A}.Debug|Any CPU.ActiveCfg = Debug|Any CPU
		{5BF5E2DF-A015-47EF-A223-45ACB6251A8A}.Debug|Any CPU.Build.0 = Debug|Any CPU
		{5BF5E2DF-A015-47EF-A223-45ACB6251A8A}.Debug|x64.ActiveCfg = Debug|x64
		{5BF5E2DF-A015-47EF-A223-45ACB6251A8A}.Debug|x64.Build.0 = Debug|x64
		{5BF5E2DF-A015-47EF-A223-45ACB6251A8A}.Release|Any CPU.ActiveCfg = Release|Any CPU
		{5BF5E2DF-A015-47EF-A223-45ACB6251A8A}.Release|Any CPU.Build.0 = Release|Any CPU
		{5BF5E2DF-A015-47EF-A223-45ACB6251A8A}.Release|x64.ActiveCfg = Release|x64
		{5BF5E2DF-A015-47EF-A223-45ACB6251A8A}.Release|x64.Build.0 = Release|x64
		{A882E9BB-3675-462F-9A82-C7F6B9787752}.Debug|Any CPU.ActiveCfg = Debug|Any CPU
		{A882E9BB-3675-462F-9A82-C7F6B9787752}.Debug|Any CPU.Build.0 = Debug|Any CPU
		{A882E9BB-3675-462F-9A82-C7F6B9787752}.Debug|x64.ActiveCfg = Debug|x64
		{A882E9BB-3675-462F-9A82-C7F6B9787752}.Debug|x64.Build.0 = Debug|x64
		{A882E9BB-3675-462F-9A82-C7F6B9787752}.Release|Any CPU.ActiveCfg = Release|Any CPU
		{A882E9BB-3675-462F-9A82-C7F6B9787752}.Release|Any CPU.Build.0 = Release|Any CPU
		{A882E9BB-3675-462F-9A82-C7F6B9787752}.Release|x64.ActiveCfg = Release|x64
		{A882E9BB-3675-462F-9A82-C7F6B9787752}.Release|x64.Build.0 = Release|x64
		{083470E3-7BDA-4BE4-9DB2-8AD3E56C8647}.Debug|Any CPU.ActiveCfg = Debug|Any CPU
		{083470E3-7BDA-4BE4-9DB2-8AD3E56C8647}.Debug|Any CPU.Build.0 = Debug|Any CPU
		{083470E3-7BDA-4BE4-9DB2-8AD3E56C8647}.Debug|x64.ActiveCfg = Debug|x64
		{083470E3-7BDA-4BE4-9DB2-8AD3E56C8647}.Debug|x64.Build.0 = Debug|x64
		{083470E3-7BDA-4BE4-9DB2-8AD3E56C8647}.Release|Any CPU.ActiveCfg = Release|Any CPU
		{083470E3-7BDA-4BE4-9DB2-8AD3E56C8647}.Release|Any CPU.Build.0 = Release|Any CPU
		{083470E3-7BDA-4BE4-9DB2-8AD3E56C8647}.Release|x64.ActiveCfg = Release|x64
		{083470E3-7BDA-4BE4-9DB2-8AD3E56C8647}.Release|x64.Build.0 = Release|x64
		{F6200C98-8601-49C8-B471-6DECACCD297C}.Debug|Any CPU.ActiveCfg = Debug|Any CPU
		{F6200C98-8601-49C8-B471-6DECACCD297C}.Debug|Any CPU.Build.0 = Debug|Any CPU
		{F6200C98-8601-49C8-B471-6DECACCD297C}.Debug|x64.ActiveCfg = Debug|x64
		{F6200C98-8601-49C8-B471-6DECACCD297C}.Debug|x64.Build.0 = Debug|x64
		{F6200C98-8601-49C8-B471-6DECACCD297C}.Release|Any CPU.ActiveCfg = Release|Any CPU
		{F6200C98-8601-49C8-B471-6DECACCD297C}.Release|Any CPU.Build.0 = Release|Any CPU
		{F6200C98-8601-49C8-B471-6DECACCD297C}.Release|x64.ActiveCfg = Release|x64
		{F6200C98-8601-49C8-B471-6DECACCD297C}.Release|x64.Build.0 = Release|x64
		{EC08898C-87A4-463B-813B-FB369A0C10E9}.Debug|Any CPU.ActiveCfg = Debug|Any CPU
		{EC08898C-87A4-463B-813B-FB369A0C10E9}.Debug|Any CPU.Build.0 = Debug|Any CPU
		{EC08898C-87A4-463B-813B-FB369A0C10E9}.Debug|x64.ActiveCfg = Debug|x64
		{EC08898C-87A4-463B-813B-FB369A0C10E9}.Debug|x64.Build.0 = Debug|x64
		{EC08898C-87A4-463B-813B-FB369A0C10E9}.Release|Any CPU.ActiveCfg = Release|Any CPU
		{EC08898C-87A4-463B-813B-FB369A0C10E9}.Release|Any CPU.Build.0 = Release|Any CPU
		{EC08898C-87A4-463B-813B-FB369A0C10E9}.Release|x64.ActiveCfg = Release|x64
		{EC08898C-87A4-463B-813B-FB369A0C10E9}.Release|x64.Build.0 = Release|x64
	EndGlobalSection
	GlobalSection(SolutionProperties) = preSolution
		HideSolutionNode = FALSE
	EndGlobalSection
EndGlobal
